# THIS IS AN AUTOGENERATED FILE. DO NOT EDIT THIS FILE DIRECTLY.
# yarn lockfile v1


react-circular-progressbar@^2.1.0:
  version "2.1.0"
  resolved "https://registry.yarnpkg.com/react-circular-progressbar/-/react-circular-progressbar-2.1.0.tgz#99e5ae499c21de82223b498289e96f66adb8fa3a"
  integrity sha512-xp4THTrod4aLpGy68FX/k1Q3nzrfHUjUe5v6FsdwXBl3YVMwgeXYQKDrku7n/D6qsJA9CuunarAboC2xCiKs1g==
